// !$*UTF8*$!
{
	archiveVersion = 1;
	classes = {
	};
	objectVersion = 56;
	objects = {

/* Begin PBXBuildFile section */
		92A9FE9129AB9C25002CF9C0 /* SimpleTimeTrackerApp.swift in Sources */ = {isa = PBXBuildFile; fileRef = 92A9FE9029AB9C25002CF9C0 /* SimpleTimeTrackerApp.swift */; };
		92A9FE9329AB9C25002CF9C0 /* ContentView.swift in Sources */ = {isa = PBXBuildFile; fileRef = 92A9FE9229AB9C25002CF9C0 /* ContentView.swift */; };
		92A9FE9529AB9C27002CF9C0 /* Assets.xcassets in Resources */ = {isa = PBXBuildFile; fileRef = 92A9FE9429AB9C27002CF9C0 /* Assets.xcassets */; };
		92A9FE9829AB9C27002CF9C0 /* Preview Assets.xcassets in Resources */ = {isa = PBXBuildFile; fileRef = 92A9FE9729AB9C27002CF9C0 /* Preview Assets.xcassets */; };
		92A9FEA229AB9C27002CF9C0 /* SimpleTimeTrackerTests.swift in Sources */ = {isa = PBXBuildFile; fileRef = 92A9FEA129AB9C27002CF9C0 /* SimpleTimeTrackerTests.swift */; };
		92A9FEAC29AB9C27002CF9C0 /* SimpleTimeTrackerUITests.swift in Sources */ = {isa = PBXBuildFile; fileRef = 92A9FEAB29AB9C27002CF9C0 /* SimpleTimeTrackerUITests.swift */; };
		92A9FEAE29AB9C27002CF9C0 /* SimpleTimeTrackerUITestsLaunchTests.swift in Sources */ = {isa = PBXBuildFile; fileRef = 92A9FEAD29AB9C27002CF9C0 /* SimpleTimeTrackerUITestsLaunchTests.swift */; };
/* End PBXBuildFile section */

/* Begin PBXContainerItemProxy section */
		92A9FE9E29AB9C27002CF9C0 /* PBXContainerItemProxy */ = {
			isa = PBXContainerItemProxy;
			containerPortal = 92A9FE8529AB9C25002CF9C0 /* Project object */;
			proxyType = 1;
			remoteGlobalIDString = 92A9FE8C29AB9C25002CF9C0;
			remoteInfo = SimpleTimeTracker;
		};
		92A9FEA829AB9C27002CF9C0 /* PBXContainerItemProxy */ = {
			isa = PBXContainerItemProxy;
			containerPortal = 92A9FE8529AB9C25002CF9C0 /* Project object */;
			proxyType = 1;
			remoteGlobalIDString = 92A9FE8C29AB9C25002CF9C0;
			remoteInfo = SimpleTimeTracker;
		};
/* End PBXContainerItemProxy section */

/* Begin PBXFileReference section */
		92A9FE8D29AB9C25002CF9C0 /* SimpleTimeTracker.app */ = {isa = PBXFileReference; explicitFileType = wrapper.application; includeInIndex = 0; path = SimpleTimeTracker.app; sourceTree = BUILT_PRODUCTS_DIR; };
		92A9FE9029AB9C25002CF9C0 /* SimpleTimeTrackerApp.swift */ = {isa = PBXFileReference; lastKnownFileType = sourcecode.swift; path = SimpleTimeTrackerApp.swift; sourceTree = "<group>"; };
		92A9FE9229AB9C25002CF9C0 /* ContentView.swift */ = {isa = PBXFileReference; lastKnownFileType = sourcecode.swift; path = ContentView.swift; sourceTree = "<group>"; };
		92A9FE9429AB9C27002CF9C0 /* Assets.xcassets */ = {isa = PBXFileReference; lastKnownFileType = folder.assetcatalog; path = Assets.xcassets; sourceTree = "<group>"; };
		92A9FE9729AB9C27002CF9C0 /* Preview Assets.xcassets */ = {isa = PBXFileReference; lastKnownFileType = folder.assetcatalog; path = "Preview Assets.xcassets"; sourceTree = "<group>"; };
		92A9FE9D29AB9C27002CF9C0 /* SimpleTimeTrackerTests.xctest */ = {isa = PBXFileReference; explicitFileType = wrapper.cfbundle; includeInIndex = 0; path = SimpleTimeTrackerTests.xctest; sourceTree = BUILT_PRODUCTS_DIR; };
		92A9FEA129AB9C27002CF9C0 /* SimpleTimeTrackerTests.swift */ = {isa = PBXFileReference; lastKnownFileType = sourcecode.swift; path = SimpleTimeTrackerTests.swift; sourceTree = "<group>"; };
		92A9FEA729AB9C27002CF9C0 /* SimpleTimeTrackerUITests.xctest */ = {isa = PBXFileReference; explicitFileType = wrapper.cfbundle; includeInIndex = 0; path = SimpleTimeTrackerUITests.xctest; sourceTree = BUILT_PRODUCTS_DIR; };
		92A9FEAB29AB9C27002CF9C0 /* SimpleTimeTrackerUITests.swift */ = {isa = PBXFileReference; lastKnownFileType = sourcecode.swift; path = SimpleTimeTrackerUITests.swift; sourceTree = "<group>"; };
		92A9FEAD29AB9C27002CF9C0 /* SimpleTimeTrackerUITestsLaunchTests.swift */ = {isa = PBXFileReference; lastKnownFileType = sourcecode.swift; path = SimpleTimeTrackerUITestsLaunchTests.swift; sourceTree = "<group>"; };
/* End PBXFileReference section */

/* Begin PBXFrameworksBuildPhase section */
		92A9FE8A29AB9C25002CF9C0 /* Frameworks */ = {
			isa = PBXFrameworksBuildPhase;
			buildActionMask = 2147483647;
			files = (
			);
			runOnlyForDeploymentPostprocessing = 0;
		};
		92A9FE9A29AB9C27002CF9C0 /* Frameworks */ = {
			isa = PBXFrameworksBuildPhase;
			buildActionMask = 2147483647;
			files = (
			);
			runOnlyForDeploymentPostprocessing = 0;
		};
		92A9FEA429AB9C27002CF9C0 /* Frameworks */ = {
			isa = PBXFrameworksBuildPhase;
			buildActionMask = 2147483647;
			files = (
			);
			runOnlyForDeploymentPostprocessing = 0;
		};
/* End PBXFrameworksBuildPhase section */

/* Begin PBXGroup section */
		92A9FE8429AB9C25002CF9C0 = {
			isa = PBXGroup;
			children = (
				92A9FE8F29AB9C25002CF9C0 /* SimpleTimeTracker */,
				92A9FEA029AB9C27002CF9C0 /* SimpleTimeTrackerTests */,
				92A9FEAA29AB9C27002CF9C0 /* SimpleTimeTrackerUITests */,
				92A9FE8E29AB9C25002CF9C0 /* Products */,
			);
			sourceTree = "<group>";
		};
		92A9FE8E29AB9C25002CF9C0 /* Products */ = {
			isa = PBXGroup;
			children = (
				92A9FE8D29AB9C25002CF9C0 /* SimpleTimeTracker.app */,
				92A9FE9D29AB9C27002CF9C0 /* SimpleTimeTrackerTests.xctest */,
				92A9FEA729AB9C27002CF9C0 /* SimpleTimeTrackerUITests.xctest */,
			);
			name = Products;
			sourceTree = "<group>";
		};
		92A9FE8F29AB9C25002CF9C0 /* SimpleTimeTracker */ = {
			isa = PBXGroup;
			children = (
				92A9FE9029AB9C25002CF9C0 /* SimpleTimeTrackerApp.swift */,
				92A9FE9229AB9C25002CF9C0 /* ContentView.swift */,
				92A9FE9429AB9C27002CF9C0 /* Assets.xcassets */,
				92A9FE9629AB9C27002CF9C0 /* Preview Content */,
			);
			path = SimpleTimeTracker;
			sourceTree = "<group>";
		};
		92A9FE9629AB9C27002CF9C0 /* Preview Content */ = {
			isa = PBXGroup;
			children = (
				92A9FE9729AB9C27002CF9C0 /* Preview Assets.xcassets */,
			);
			path = "Preview Content";
			sourceTree = "<group>";
		};
		92A9FEA029AB9C27002CF9C0 /* SimpleTimeTrackerTests */ = {
			isa = PBXGroup;
			children = (
				92A9FEA129AB9C27002CF9C0 /* SimpleTimeTrackerTests.swift */,
			);
			path = SimpleTimeTrackerTests;
			sourceTree = "<group>";
		};
		92A9FEAA29AB9C27002CF9C0 /* SimpleTimeTrackerUITests */ = {
			isa = PBXGroup;
			children = (
				92A9FEAB29AB9C27002CF9C0 /* SimpleTimeTrackerUITests.swift */,
				92A9FEAD29AB9C27002CF9C0 /* SimpleTimeTrackerUITestsLaunchTests.swift */,
			);
			path = SimpleTimeTrackerUITests;
			sourceTree = "<group>";
		};
/* End PBXGroup section */

/* Begin PBXNativeTarget section */
		92A9FE8C29AB9C25002CF9C0 /* SimpleTimeTracker */ = {
			isa = PBXNativeTarget;
			buildConfigurationList = 92A9FEB129AB9C27002CF9C0 /* Build configuration list for PBXNativeTarget "SimpleTimeTracker" */;
			buildPhases = (
				92A9FE8929AB9C25002CF9C0 /* Sources */,
				92A9FE8A29AB9C25002CF9C0 /* Frameworks */,
				92A9FE8B29AB9C25002CF9C0 /* Resources */,
			);
			buildRules = (
			);
			dependencies = (
			);
			name = SimpleTimeTracker;
			productName = SimpleTimeTracker;
			productReference = 92A9FE8D29AB9C25002CF9C0 /* SimpleTimeTracker.app */;
			productType = "com.apple.product-type.application";
		};
		92A9FE9C29AB9C27002CF9C0 /* SimpleTimeTrackerTests */ = {
			isa = PBXNativeTarget;
			buildConfigurationList = 92A9FEB429AB9C27002CF9C0 /* Build configuration list for PBXNativeTarget "SimpleTimeTrackerTests" */;
			buildPhases = (
				92A9FE9929AB9C27002CF9C0 /* Sources */,
				92A9FE9A29AB9C27002CF9C0 /* Frameworks */,
				92A9FE9B29AB9C27002CF9C0 /* Resources */,
			);
			buildRules = (
			);
			dependencies = (
				92A9FE9F29AB9C27002CF9C0 /* PBXTargetDependency */,
			);
			name = SimpleTimeTrackerTests;
			productName = SimpleTimeTrackerTests;
			productReference = 92A9FE9D29AB9C27002CF9C0 /* SimpleTimeTrackerTests.xctest */;
			productType = "com.apple.product-type.bundle.unit-test";
		};
		92A9FEA629AB9C27002CF9C0 /* SimpleTimeTrackerUITests */ = {
			isa = PBXNativeTarget;
			buildConfigurationList = 92A9FEB729AB9C27002CF9C0 /* Build configuration list for PBXNativeTarget "SimpleTimeTrackerUITests" */;
			buildPhases = (
				92A9FEA329AB9C27002CF9C0 /* Sources */,
				92A9FEA429AB9C27002CF9C0 /* Frameworks */,
				92A9FEA529AB9C27002CF9C0 /* Resources */,
			);
			buildRules = (
			);
			dependencies = (
				92A9FEA929AB9C27002CF9C0 /* PBXTargetDependency */,
			);
			name = SimpleTimeTrackerUITests;
			productName = SimpleTimeTrackerUITests;
			productReference = 92A9FEA729AB9C27002CF9C0 /* SimpleTimeTrackerUITests.xctest */;
			productType = "com.apple.product-type.bundle.ui-testing";
		};
/* End PBXNativeTarget section */

/* Begin PBXProject section */
		92A9FE8529AB9C25002CF9C0 /* Project object */ = {
			isa = PBXProject;
			attributes = {
				BuildIndependentTargetsInParallel = 1;
				LastSwiftUpdateCheck = 1420;
				LastUpgradeCheck = 1420;
				TargetAttributes = {
					92A9FE8C29AB9C25002CF9C0 = {
						CreatedOnToolsVersion = 14.2;
					};
					92A9FE9C29AB9C27002CF9C0 = {
						CreatedOnToolsVersion = 14.2;
						TestTargetID = 92A9FE8C29AB9C25002CF9C0;
					};
					92A9FEA629AB9C27002CF9C0 = {
						CreatedOnToolsVersion = 14.2;
						TestTargetID = 92A9FE8C29AB9C25002CF9C0;
					};
				};
			};
			buildConfigurationList = 92A9FE8829AB9C25002CF9C0 /* Build configuration list for PBXProject "SimpleTimeTracker" */;
			compatibilityVersion = "Xcode 14.0";
			developmentRegion = en;
			hasScannedForEncodings = 0;
			knownRegions = (
				en,
				Base,
			);
			mainGroup = 92A9FE8429AB9C25002CF9C0;
			productRefGroup = 92A9FE8E29AB9C25002CF9C0 /* Products */;
			projectDirPath = "";
			projectRoot = "";
			targets = (
				92A9FE8C29AB9C25002CF9C0 /* SimpleTimeTracker */,
				92A9FE9C29AB9C27002CF9C0 /* SimpleTimeTrackerTests */,
				92A9FEA629AB9C27002CF9C0 /* SimpleTimeTrackerUITests */,
			);
		};
/* End PBXProject section */

/* Begin PBXResourcesBuildPhase section */
		92A9FE8B29AB9C25002CF9C0 /* Resources */ = {
			isa = PBXResourcesBuildPhase;
			buildActionMask = 2147483647;
			files = (
				92A9FE9829AB9C27002CF9C0 /* Preview Assets.xcassets in Resources */,
				92A9FE9529AB9C27002CF9C0 /* Assets.xcassets in Resources */,
			);
			runOnlyForDeploymentPostprocessing = 0;
		};
		92A9FE9B29AB9C27002CF9C0 /* Resources */ = {
			isa = PBXResourcesBuildPhase;
			buildActionMask = 2147483647;
			files = (
			);
			runOnlyForDeploymentPostprocessing = 0;
		};
		92A9FEA529AB9C27002CF9C0 /* Resources */ = {
			isa = PBXResourcesBuildPhase;
			buildActionMask = 2147483647;
			files = (
			);
			runOnlyForDeploymentPostprocessing = 0;
		};
/* End PBXResourcesBuildPhase section */

/* Begin PBXSourcesBuildPhase section */
		92A9FE8929AB9C25002CF9C0 /* Sources */ = {
			isa = PBXSourcesBuildPhase;
			buildActionMask = 2147483647;
			files = (
				92A9FE9329AB9C25002CF9C0 /* ContentView.swift in Sources */,
				92A9FE9129AB9C25002CF9C0 /* SimpleTimeTrackerApp.swift in Sources */,
			);
			runOnlyForDeploymentPostprocessing = 0;
		};
		92A9FE9929AB9C27002CF9C0 /* Sources */ = {
			isa = PBXSourcesBuildPhase;
			buildActionMask = 2147483647;
			files = (
				92A9FEA229AB9C27002CF9C0 /* SimpleTimeTrackerTests.swift in Sources */,
			);
			runOnlyForDeploymentPostprocessing = 0;
		};
		92A9FEA329AB9C27002CF9C0 /* Sources */ = {
			isa = PBXSourcesBuildPhase;
			buildActionMask = 2147483647;
			files = (
				92A9FEAE29AB9C27002CF9C0 /* SimpleTimeTrackerUITestsLaunchTests.swift in Sources */,
				92A9FEAC29AB9C27002CF9C0 /* SimpleTimeTrackerUITests.swift in Sources */,
			);
			runOnlyForDeploymentPostprocessing = 0;
		};
/* End PBXSourcesBuildPhase section */

/* Begin PBXTargetDependency section */
		92A9FE9F29AB9C27002CF9C0 /* PBXTargetDependency */ = {
			isa = PBXTargetDependency;
			target = 92A9FE8C29AB9C25002CF9C0 /* SimpleTimeTracker */;
			targetProxy = 92A9FE9E29AB9C27002CF9C0 /* PBXContainerItemProxy */;
		};
		92A9FEA929AB9C27002CF9C0 /* PBXTargetDependency */ = {
			isa = PBXTargetDependency;
			target = 92A9FE8C29AB9C25002CF9C0 /* SimpleTimeTracker */;
			targetProxy = 92A9FEA829AB9C27002CF9C0 /* PBXContainerItemProxy */;
		};
/* End PBXTargetDependency section */

/* Begin XCBuildConfiguration section */
		92A9FEAF29AB9C27002CF9C0 /* Debug */ = {
			isa = XCBuildConfiguration;
			buildSettings = {
				ALWAYS_SEARCH_USER_PATHS = NO;
				CLANG_ANALYZER_NONNULL = YES;
				CLANG_ANALYZER_NUMBER_OBJECT_CONVERSION = YES_AGGRESSIVE;
				CLANG_CXX_LANGUAGE_STANDARD = "gnu++20";
				CLANG_ENABLE_MODULES = YES;
				CLANG_ENABLE_OBJC_ARC = YES;
				CLANG_ENABLE_OBJC_WEAK = YES;
				CLANG_WARN_BLOCK_CAPTURE_AUTORELEASING = YES;
				CLANG_WARN_BOOL_CONVERSION = YES;
				CLANG_WARN_COMMA = YES;
				CLANG_WARN_CONSTANT_CONVERSION = YES;
				CLANG_WARN_DEPRECATED_OBJC_IMPLEMENTATIONS = YES;
				CLANG_WARN_DIRECT_OBJC_ISA_USAGE = YES_ERROR;
				CLANG_WARN_DOCUMENTATION_COMMENTS = YES;
				CLANG_WARN_EMPTY_BODY = YES;
				CLANG_WARN_ENUM_CONVERSION = YES;
				CLANG_WARN_INFINITE_RECURSION = YES;
				CLANG_WARN_INT_CONVERSION = YES;
				CLANG_WARN_NON_LITERAL_NULL_CONVERSION = YES;
				CLANG_WARN_OBJC_IMPLICIT_RETAIN_SELF = YES;
				CLANG_WARN_OBJC_LITERAL_CONVERSION = YES;
				CLANG_WARN_OBJC_ROOT_CLASS = YES_ERROR;
				CLANG_WARN_QUOTED_INCLUDE_IN_FRAMEWORK_HEADER = YES;
				CLANG_WARN_RANGE_LOOP_ANALYSIS = YES;
				CLANG_WARN_STRICT_PROTOTYPES = YES;
				CLANG_WARN_SUSPICIOUS_MOVE = YES;
				CLANG_WARN_UNGUARDED_AVAILABILITY = YES_AGGRESSIVE;
				CLANG_WARN_UNREACHABLE_CODE = YES;
				CLANG_WARN__DUPLICATE_METHOD_MATCH = YES;
				COPY_PHASE_STRIP = NO;
				DEBUG_INFORMATION_FORMAT = dwarf;
				ENABLE_STRICT_OBJC_MSGSEND = YES;
				ENABLE_TESTABILITY = YES;
				GCC_C_LANGUAGE_STANDARD = gnu11;
				GCC_DYNAMIC_NO_PIC = NO;
				GCC_NO_COMMON_BLOCKS = YES;
				GCC_OPTIMIZATION_LEVEL = 0;
				GCC_PREPROCESSOR_DEFINITIONS = (
					"DEBUG=1",
					"$(inherited)",
				);
				GCC_WARN_64_TO_32_BIT_CONVERSION = YES;
				GCC_WARN_ABOUT_RETURN_TYPE = YES_ERROR;
				GCC_WARN_UNDECLARED_SELECTOR = YES;
				GCC_WARN_UNINITIALIZED_AUTOS = YES_AGGRESSIVE;
				GCC_WARN_UNUSED_FUNCTION = YES;
				GCC_WARN_UNUSED_VARIABLE = YES;
				IPHONEOS_DEPLOYMENT_TARGET = 16.2;
				MTL_ENABLE_DEBUG_INFO = INCLUDE_SOURCE;
				MTL_FAST_MATH = YES;
				ONLY_ACTIVE_ARCH = YES;
				SDKROOT = iphoneos;
				SWIFT_ACTIVE_COMPILATION_CONDITIONS = DEBUG;
				SWIFT_OPTIMIZATION_LEVEL = "-Onone";
			};
			name = Debug;
		};
		92A9FEB029AB9C27002CF9C0 /* Release */ = {
			isa = XCBuildConfiguration;
			buildSettings = {
				ALWAYS_SEARCH_USER_PATHS = NO;
				CLANG_ANALYZER_NONNULL = YES;
				CLANG_ANALYZER_NUMBER_OBJECT_CONVERSION = YES_AGGRESSIVE;
				CLANG_CXX_LANGUAGE_STANDARD = "gnu++20";
				CLANG_ENABLE_MODULES = YES;
				CLANG_ENABLE_OBJC_ARC = YES;
				CLANG_ENABLE_OBJC_WEAK = YES;
				CLANG_WARN_BLOCK_CAPTURE_AUTORELEASING = YES;
				CLANG_WARN_BOOL_CONVERSION = YES;
				CLANG_WARN_COMMA = YES;
				CLANG_WARN_CONSTANT_CONVERSION = YES;
				CLANG_WARN_DEPRECATED_OBJC_IMPLEMENTATIONS = YES;
				CLANG_WARN_DIRECT_OBJC_ISA_USAGE = YES_ERROR;
				CLANG_WARN_DOCUMENTATION_COMMENTS = YES;
				CLANG_WARN_EMPTY_BODY = YES;
				CLANG_WARN_ENUM_CONVERSION = YES;
				CLANG_WARN_INFINITE_RECURSION = YES;
				CLANG_WARN_INT_CONVERSION = YES;
				CLANG_WARN_NON_LITERAL_NULL_CONVERSION = YES;
				CLANG_WARN_OBJC_IMPLICIT_RETAIN_SELF = YES;
				CLANG_WARN_OBJC_LITERAL_CONVERSION = YES;
				CLANG_WARN_OBJC_ROOT_CLASS = YES_ERROR;
				CLANG_WARN_QUOTED_INCLUDE_IN_FRAMEWORK_HEADER = YES;
				CLANG_WARN_RANGE_LOOP_ANALYSIS = YES;
				CLANG_WARN_STRICT_PROTOTYPES = YES;
				CLANG_WARN_SUSPICIOUS_MOVE = YES;
				CLANG_WARN_UNGUARDED_AVAILABILITY = YES_AGGRESSIVE;
				CLANG_WARN_UNREACHABLE_CODE = YES;
				CLANG_WARN__DUPLICATE_METHOD_MATCH = YES;
				COPY_PHASE_STRIP = NO;
				DEBUG_INFORMATION_FORMAT = "dwarf-with-dsym";
				ENABLE_NS_ASSERTIONS = NO;
				ENABLE_STRICT_OBJC_MSGSEND = YES;
				GCC_C_LANGUAGE_STANDARD = gnu11;
				GCC_NO_COMMON_BLOCKS = YES;
				GCC_WARN_64_TO_32_BIT_CONVERSION = YES;
				GCC_WARN_ABOUT_RETURN_TYPE = YES_ERROR;
				GCC_WARN_UNDECLARED_SELECTOR = YES;
				GCC_WARN_UNINITIALIZED_AUTOS = YES_AGGRESSIVE;
				GCC_WARN_UNUSED_FUNCTION = YES;
				GCC_WARN_UNUSED_VARIABLE = YES;
				IPHONEOS_DEPLOYMENT_TARGET = 16.2;
				MTL_ENABLE_DEBUG_INFO = NO;
				MTL_FAST_MATH = YES;
				SDKROOT = iphoneos;
				SWIFT_COMPILATION_MODE = wholemodule;
				SWIFT_OPTIMIZATION_LEVEL = "-O";
				VALIDATE_PRODUCT = YES;
			};
			name = Release;
		};
		92A9FEB229AB9C27002CF9C0 /* Debug */ = {
			isa = XCBuildConfiguration;
			buildSettings = {
				ASSETCATALOG_COMPILER_APPICON_NAME = AppIcon;
				ASSETCATALOG_COMPILER_GLOBAL_ACCENT_COLOR_NAME = AccentColor;
				CODE_SIGN_STYLE = Automatic;
				CURRENT_PROJECT_VERSION = 1;
				DEVELOPMENT_ASSET_PATHS = "\"SimpleTimeTracker/Preview Content\"";
				DEVELOPMENT_TEAM = 2G4AD7SVVS;
				ENABLE_PREVIEWS = YES;
				GENERATE_INFOPLIST_FILE = YES;
				INFOPLIST_KEY_UIApplicationSceneManifest_Generation = YES;
				INFOPLIST_KEY_UIApplicationSupportsIndirectInputEvents = YES;
				INFOPLIST_KEY_UILaunchScreen_Generation = YES;
				INFOPLIST_KEY_UISupportedInterfaceOrientations_iPad = "UIInterfaceOrientationPortrait UIInterfaceOrientationPortraitUpsideDown UIInterfaceOrientationLandscapeLeft UIInterfaceOrientationLandscapeRight";
				INFOPLIST_KEY_UISupportedInterfaceOrientations_iPhone = "UIInterfaceOrientationPortrait UIInterfaceOrientationLandscapeLeft UIInterfaceOrientationLandscapeRight";
				LD_RUNPATH_SEARCH_PATHS = (
					"$(inherited)",
					"@executable_path/Frameworks",
				);
				MARKETING_VERSION = 1.0;
				PRODUCT_BUNDLE_IDENTIFIER = com.timvelichko.SimpleTimeTracker;
				PRODUCT_NAME = "$(TARGET_NAME)";
				SWIFT_EMIT_LOC_STRINGS = YES;
				SWIFT_VERSION = 5.0;
				TARGETED_DEVICE_FAMILY = "1,2";
			};
			name = Debug;
		};
		92A9FEB329AB9C27002CF9C0 /* Release */ = {
			isa = XCBuildConfiguration;
			buildSettings = {
				ASSETCATALOG_COMPILER_APPICON_NAME = AppIcon;
				ASSETCATALOG_COMPILER_GLOBAL_ACCENT_COLOR_NAME = AccentColor;
				CODE_SIGN_STYLE = Automatic;
				CURRENT_PROJECT_VERSION = 1;
				DEVELOPMENT_ASSET_PATHS = "\"SimpleTimeTracker/Preview Content\"";
				DEVELOPMENT_TEAM = 2G4AD7SVVS;
				ENABLE_PREVIEWS = YES;
				GENERATE_INFOPLIST_FILE = YES;
				INFOPLIST_KEY_UIApplicationSceneManifest_Generation = YES;
				INFOPLIST_KEY_UIApplicationSupportsIndirectInputEvents = YES;
				INFOPLIST_KEY_UILaunchScreen_Generation = YES;
				INFOPLIST_KEY_UISupportedInterfaceOrientations_iPad = "UIInterfaceOrientationPortrait UIInterfaceOrientationPortraitUpsideDown UIInterfaceOrientationLandscapeLeft UIInterfaceOrientationLandscapeRight";
				INFOPLIST_KEY_UISupportedInterfaceOrientations_iPhone = "UIInterfaceOrientationPortrait UIInterfaceOrientationLandscapeLeft UIInterfaceOrientationLandscapeRight";
				LD_RUNPATH_SEARCH_PATHS = (
					"$(inherited)",
					"@executable_path/Frameworks",
				);
				MARKETING_VERSION = 1.0;
				PRODUCT_BUNDLE_IDENTIFIER = com.timvelichko.SimpleTimeTracker;
				PRODUCT_NAME = "$(TARGET_NAME)";
				SWIFT_EMIT_LOC_STRINGS = YES;
				SWIFT_VERSION = 5.0;
				TARGETED_DEVICE_FAMILY = "1,2";
			};
			name = Release;
		};
		92A9FEB529AB9C27002CF9C0 /* Debug */ = {
			isa = XCBuildConfiguration;
			buildSettings = {
				ALWAYS_EMBED_SWIFT_STANDARD_LIBRARIES = YES;
				BUNDLE_LOADER = "$(TEST_HOST)";
				CODE_SIGN_STYLE = Automatic;
				CURRENT_PROJECT_VERSION = 1;
				DEVELOPMENT_TEAM = 2G4AD7SVVS;
				GENERATE_INFOPLIST_FILE = YES;
				IPHONEOS_DEPLOYMENT_TARGET = 16.2;
				MARKETING_VERSION = 1.0;
				PRODUCT_BUNDLE_IDENTIFIER = com.timvelichko.SimpleTimeTrackerTests;
				PRODUCT_NAME = "$(TARGET_NAME)";
				SWIFT_EMIT_LOC_STRINGS = NO;
				SWIFT_VERSION = 5.0;
				TARGETED_DEVICE_FAMILY = "1,2";
				TEST_HOST = "$(BUILT_PRODUCTS_DIR)/SimpleTimeTracker.app/$(BUNDLE_EXECUTABLE_FOLDER_PATH)/SimpleTimeTracker";
			};
			name = Debug;
		};
		92A9FEB629AB9C27002CF9C0 /* Release */ = {
			isa = XCBuildConfiguration;
			buildSettings = {
				ALWAYS_EMBED_SWIFT_STANDARD_LIBRARIES = YES;
				BUNDLE_LOADER = "$(TEST_HOST)";
				CODE_SIGN_STYLE = Automatic;
				CURRENT_PROJECT_VERSION = 1;
				DEVELOPMENT_TEAM = 2G4AD7SVVS;
				GENERATE_INFOPLIST_FILE = YES;
				IPHONEOS_DEPLOYMENT_TARGET = 16.2;
				MARKETING_VERSION = 1.0;
				PRODUCT_BUNDLE_IDENTIFIER = com.timvelichko.SimpleTimeTrackerTests;
				PRODUCT_NAME = "$(TARGET_NAME)";
				SWIFT_EMIT_LOC_STRINGS = NO;
				SWIFT_VERSION = 5.0;
				TARGETED_DEVICE_FAMILY = "1,2";
				TEST_HOST = "$(BUILT_PRODUCTS_DIR)/SimpleTimeTracker.app/$(BUNDLE_EXECUTABLE_FOLDER_PATH)/SimpleTimeTracker";
			};
			name = Release;
		};
		92A9FEB829AB9C27002CF9C0 /* Debug */ = {
			isa = XCBuildConfiguration;
			buildSettings = {
				ALWAYS_EMBED_SWIFT_STANDARD_LIBRARIES = YES;
				CODE_SIGN_STYLE = Automatic;
				CURRENT_PROJECT_VERSION = 1;
				DEVELOPMENT_TEAM = 2G4AD7SVVS;
				GENERATE_INFOPLIST_FILE = YES;
				MARKETING_VERSION = 1.0;
				PRODUCT_BUNDLE_IDENTIFIER = com.timvelichko.SimpleTimeTrackerUITests;
				PRODUCT_NAME = "$(TARGET_NAME)";
				SWIFT_EMIT_LOC_STRINGS = NO;
				SWIFT_VERSION = 5.0;
				TARGETED_DEVICE_FAMILY = "1,2";
				TEST_TARGET_NAME = SimpleTimeTracker;
			};
			name = Debug;
		};
		92A9FEB929AB9C27002CF9C0 /* Release */ = {
			isa = XCBuildConfiguration;
			buildSettings = {
				ALWAYS_EMBED_SWIFT_STANDARD_LIBRARIES = YES;
				CODE_SIGN_STYLE = Automatic;
				CURRENT_PROJECT_VERSION = 1;
				DEVELOPMENT_TEAM = 2G4AD7SVVS;
				GENERATE_INFOPLIST_FILE = YES;
				MARKETING_VERSION = 1.0;
				PRODUCT_BUNDLE_IDENTIFIER = com.timvelichko.SimpleTimeTrackerUITests;
				PRODUCT_NAME = "$(TARGET_NAME)";
				SWIFT_EMIT_LOC_STRINGS = NO;
				SWIFT_VERSION = 5.0;
				TARGETED_DEVICE_FAMILY = "1,2";
				TEST_TARGET_NAME = SimpleTimeTracker;
			};
			name = Release;
		};
/* End XCBuildConfiguration section */

/* Begin XCConfigurationList section */
		92A9FE8829AB9C25002CF9C0 /* Build configuration list for PBXProject "SimpleTimeTracker" */ = {
			isa = XCConfigurationList;
			buildConfigurations = (
				92A9FEAF29AB9C27002CF9C0 /* Debug */,
				92A9FEB029AB9C27002CF9C0 /* Release */,
			);
			defaultConfigurationIsVisible = 0;
			defaultConfigurationName = Release;
		};
		92A9FEB129AB9C27002CF9C0 /* Build configuration list for PBXNativeTarget "SimpleTimeTracker" */ = {
			isa = XCConfigurationList;
			buildConfigurations = (
				92A9FEB229AB9C27002CF9C0 /* Debug */,
				92A9FEB329AB9C27002CF9C0 /* Release */,
			);
			defaultConfigurationIsVisible = 0;
			defaultConfigurationName = Release;
		};
		92A9FEB429AB9C27002CF9C0 /* Build configuration list for PBXNativeTarget "SimpleTimeTrackerTests" */ = {
			isa = XCConfigurationList;
			buildConfigurations = (
				92A9FEB529AB9C27002CF9C0 /* Debug */,
				92A9FEB629AB9C27002CF9C0 /* Release */,
			);
			defaultConfigurationIsVisible = 0;
			defaultConfigurationName = Release;
		};
		92A9FEB729AB9C27002CF9C0 /* Build configuration list for PBXNativeTarget "SimpleTimeTrackerUITests" */ = {
			isa = XCConfigurationList;
			buildConfigurations = (
				92A9FEB829AB9C27002CF9C0 /* Debug */,
				92A9FEB929AB9C27002CF9C0 /* Release */,
			);
			defaultConfigurationIsVisible = 0;
			defaultConfigurationName = Release;
		};
/* End XCConfigurationList section */
	};
	rootObject = 92A9FE8529AB9C25002CF9C0 /* Project object */;
}
